// !$*UTF8*$!
{
	archiveVersion = 1;
	classes = {
	};
	objectVersion = 46;
	objects = {

/* Begin PBXBuildFile section */
		40DA78921BAFAA8F00956B72 /* AppDelegate.swift in Sources */ = {isa = PBXBuildFile; fileRef = 40DA78911BAFAA8F00956B72 /* AppDelegate.swift */; };
		40DA78941BAFAA8F00956B72 /* ViewController.swift in Sources */ = {isa = PBXBuildFile; fileRef = 40DA78931BAFAA8F00956B72 /* ViewController.swift */; };
		40DA78971BAFAA8F00956B72 /* Main.storyboard in Resources */ = {isa = PBXBuildFile; fileRef = 40DA78951BAFAA8F00956B72 /* Main.storyboard */; };
		40DA78991BAFAA8F00956B72 /* Assets.xcassets in Resources */ = {isa = PBXBuildFile; fileRef = 40DA78981BAFAA8F00956B72 /* Assets.xcassets */; };
		40DA789C1BAFAA8F00956B72 /* LaunchScreen.storyboard in Resources */ = {isa = PBXBuildFile; fileRef = 40DA789A1BAFAA8F00956B72 /* LaunchScreen.storyboard */; };
		40DA78A71BAFAA8F00956B72 /* SuperServiceTests.swift in Sources */ = {isa = PBXBuildFile; fileRef = 40DA78A61BAFAA8F00956B72 /* SuperServiceTests.swift */; };
		40DA78B21BAFAA8F00956B72 /* SuperServiceUITests.swift in Sources */ = {isa = PBXBuildFile; fileRef = 40DA78B11BAFAA8F00956B72 /* SuperServiceUITests.swift */; };
/* End PBXBuildFile section */

/* Begin PBXContainerItemProxy section */
		40DA78A31BAFAA8F00956B72 /* PBXContainerItemProxy */ = {
			isa = PBXContainerItemProxy;
			containerPortal = 40DA78861BAFAA8F00956B72 /* Project object */;
			proxyType = 1;
			remoteGlobalIDString = 40DA788D1BAFAA8F00956B72;
			remoteInfo = SuperService;
		};
		40DA78AE1BAFAA8F00956B72 /* PBXContainerItemProxy */ = {
			isa = PBXContainerItemProxy;
			containerPortal = 40DA78861BAFAA8F00956B72 /* Project object */;
			proxyType = 1;
			remoteGlobalIDString = 40DA788D1BAFAA8F00956B72;
			remoteInfo = SuperService;
		};
/* End PBXContainerItemProxy section */

/* Begin PBXFileReference section */
		40DA788E1BAFAA8F00956B72 /* SuperService.app */ = {isa = PBXFileReference; explicitFileType = wrapper.application; includeInIndex = 0; path = SuperService.app; sourceTree = BUILT_PRODUCTS_DIR; };
		40DA78911BAFAA8F00956B72 /* AppDelegate.swift */ = {isa = PBXFileReference; lastKnownFileType = sourcecode.swift; path = AppDelegate.swift; sourceTree = "<group>"; };
		40DA78931BAFAA8F00956B72 /* ViewController.swift */ = {isa = PBXFileReference; lastKnownFileType = sourcecode.swift; path = ViewController.swift; sourceTree = "<group>"; };
		40DA78961BAFAA8F00956B72 /* Base */ = {isa = PBXFileReference; lastKnownFileType = file.storyboard; name = Base; path = Base.lproj/Main.storyboard; sourceTree = "<group>"; };
		40DA78981BAFAA8F00956B72 /* Assets.xcassets */ = {isa = PBXFileReference; lastKnownFileType = folder.assetcatalog; path = Assets.xcassets; sourceTree = "<group>"; };
		40DA789B1BAFAA8F00956B72 /* Base */ = {isa = PBXFileReference; lastKnownFileType = file.storyboard; name = Base; path = Base.lproj/LaunchScreen.storyboard; sourceTree = "<group>"; };
		40DA789D1BAFAA8F00956B72 /* Info.plist */ = {isa = PBXFileReference; lastKnownFileType = text.plist.xml; path = Info.plist; sourceTree = "<group>"; };
		40DA78A21BAFAA8F00956B72 /* SuperServiceTests.xctest */ = {isa = PBXFileReference; explicitFileType = wrapper.cfbundle; includeInIndex = 0; path = SuperServiceTests.xctest; sourceTree = BUILT_PRODUCTS_DIR; };
		40DA78A61BAFAA8F00956B72 /* SuperServiceTests.swift */ = {isa = PBXFileReference; lastKnownFileType = sourcecode.swift; path = SuperServiceTests.swift; sourceTree = "<group>"; };
		40DA78A81BAFAA8F00956B72 /* Info.plist */ = {isa = PBXFileReference; lastKnownFileType = text.plist.xml; path = Info.plist; sourceTree = "<group>"; };
		40DA78AD1BAFAA8F00956B72 /* SuperServiceUITests.xctest */ = {isa = PBXFileReference; explicitFileType = wrapper.cfbundle; includeInIndex = 0; path = SuperServiceUITests.xctest; sourceTree = BUILT_PRODUCTS_DIR; };
		40DA78B11BAFAA8F00956B72 /* SuperServiceUITests.swift */ = {isa = PBXFileReference; lastKnownFileType = sourcecode.swift; path = SuperServiceUITests.swift; sourceTree = "<group>"; };
		40DA78B31BAFAA8F00956B72 /* Info.plist */ = {isa = PBXFileReference; lastKnownFileType = text.plist.xml; path = Info.plist; sourceTree = "<group>"; };
/* End PBXFileReference section */

/* Begin PBXFrameworksBuildPhase section */
		40DA788B1BAFAA8F00956B72 /* Frameworks */ = {
			isa = PBXFrameworksBuildPhase;
			buildActionMask = 2147483647;
			files = (
			);
			runOnlyForDeploymentPostprocessing = 0;
		};
		40DA789F1BAFAA8F00956B72 /* Frameworks */ = {
			isa = PBXFrameworksBuildPhase;
			buildActionMask = 2147483647;
			files = (
			);
			runOnlyForDeploymentPostprocessing = 0;
		};
		40DA78AA1BAFAA8F00956B72 /* Frameworks */ = {
			isa = PBXFrameworksBuildPhase;
			buildActionMask = 2147483647;
			files = (
			);
			runOnlyForDeploymentPostprocessing = 0;
		};
/* End PBXFrameworksBuildPhase section */

/* Begin PBXGroup section */
		40DA78851BAFAA8F00956B72 = {
			isa = PBXGroup;
			children = (
				40DA78901BAFAA8F00956B72 /* SuperService */,
				40DA78A51BAFAA8F00956B72 /* SuperServiceTests */,
				40DA78B01BAFAA8F00956B72 /* SuperServiceUITests */,
				40DA788F1BAFAA8F00956B72 /* Products */,
			);
			sourceTree = "<group>";
		};
		40DA788F1BAFAA8F00956B72 /* Products */ = {
			isa = PBXGroup;
			children = (
				40DA788E1BAFAA8F00956B72 /* SuperService.app */,
				40DA78A21BAFAA8F00956B72 /* SuperServiceTests.xctest */,
				40DA78AD1BAFAA8F00956B72 /* SuperServiceUITests.xctest */,
			);
			name = Products;
			sourceTree = "<group>";
		};
		40DA78901BAFAA8F00956B72 /* SuperService */ = {
			isa = PBXGroup;
			children = (
				40DA78911BAFAA8F00956B72 /* AppDelegate.swift */,
				40DA78931BAFAA8F00956B72 /* ViewController.swift */,
				40DA78951BAFAA8F00956B72 /* Main.storyboard */,
				40DA78981BAFAA8F00956B72 /* Assets.xcassets */,
				40DA789A1BAFAA8F00956B72 /* LaunchScreen.storyboard */,
				40DA789D1BAFAA8F00956B72 /* Info.plist */,
			);
			path = SuperService;
			sourceTree = "<group>";
		};
		40DA78A51BAFAA8F00956B72 /* SuperServiceTests */ = {
			isa = PBXGroup;
			children = (
				40DA78A61BAFAA8F00956B72 /* SuperServiceTests.swift */,
				40DA78A81BAFAA8F00956B72 /* Info.plist */,
			);
			path = SuperServiceTests;
			sourceTree = "<group>";
		};
		40DA78B01BAFAA8F00956B72 /* SuperServiceUITests */ = {
			isa = PBXGroup;
			children = (
				40DA78B11BAFAA8F00956B72 /* SuperServiceUITests.swift */,
				40DA78B31BAFAA8F00956B72 /* Info.plist */,
			);
			path = SuperServiceUITests;
			sourceTree = "<group>";
		};
/* End PBXGroup section */

/* Begin PBXNativeTarget section */
		40DA788D1BAFAA8F00956B72 /* SuperService */ = {
			isa = PBXNativeTarget;
			buildConfigurationList = 40DA78B61BAFAA8F00956B72 /* Build configuration list for PBXNativeTarget "SuperService" */;
			buildPhases = (
				40DA788A1BAFAA8F00956B72 /* Sources */,
				40DA788B1BAFAA8F00956B72 /* Frameworks */,
				40DA788C1BAFAA8F00956B72 /* Resources */,
			);
			buildRules = (
			);
			dependencies = (
			);
			name = SuperService;
			productName = SuperService;
			productReference = 40DA788E1BAFAA8F00956B72 /* SuperService.app */;
			productType = "com.apple.product-type.application";
		};
		40DA78A11BAFAA8F00956B72 /* SuperServiceTests */ = {
			isa = PBXNativeTarget;
			buildConfigurationList = 40DA78B91BAFAA8F00956B72 /* Build configuration list for PBXNativeTarget "SuperServiceTests" */;
			buildPhases = (
				40DA789E1BAFAA8F00956B72 /* Sources */,
				40DA789F1BAFAA8F00956B72 /* Frameworks */,
				40DA78A01BAFAA8F00956B72 /* Resources */,
			);
			buildRules = (
			);
			dependencies = (
				40DA78A41BAFAA8F00956B72 /* PBXTargetDependency */,
			);
			name = SuperServiceTests;
			productName = SuperServiceTests;
			productReference = 40DA78A21BAFAA8F00956B72 /* SuperServiceTests.xctest */;
			productType = "com.apple.product-type.bundle.unit-test";
		};
		40DA78AC1BAFAA8F00956B72 /* SuperServiceUITests */ = {
			isa = PBXNativeTarget;
			buildConfigurationList = 40DA78BC1BAFAA8F00956B72 /* Build configuration list for PBXNativeTarget "SuperServiceUITests" */;
			buildPhases = (
				40DA78A91BAFAA8F00956B72 /* Sources */,
				40DA78AA1BAFAA8F00956B72 /* Frameworks */,
				40DA78AB1BAFAA8F00956B72 /* Resources */,
			);
			buildRules = (
			);
			dependencies = (
				40DA78AF1BAFAA8F00956B72 /* PBXTargetDependency */,
			);
			name = SuperServiceUITests;
			productName = SuperServiceUITests;
			productReference = 40DA78AD1BAFAA8F00956B72 /* SuperServiceUITests.xctest */;
			productType = "com.apple.product-type.bundle.ui-testing";
		};
/* End PBXNativeTarget section */

/* Begin PBXProject section */
		40DA78861BAFAA8F00956B72 /* Project object */ = {
			isa = PBXProject;
			attributes = {
				LastUpgradeCheck = 0700;
				ORGANIZATIONNAME = ZKJS;
				TargetAttributes = {
					40DA788D1BAFAA8F00956B72 = {
						CreatedOnToolsVersion = 7.0;
					};
					40DA78A11BAFAA8F00956B72 = {
						CreatedOnToolsVersion = 7.0;
						TestTargetID = 40DA788D1BAFAA8F00956B72;
					};
					40DA78AC1BAFAA8F00956B72 = {
						CreatedOnToolsVersion = 7.0;
						TestTargetID = 40DA788D1BAFAA8F00956B72;
					};
				};
			};
			buildConfigurationList = 40DA78891BAFAA8F00956B72 /* Build configuration list for PBXProject "SuperService" */;
			compatibilityVersion = "Xcode 3.2";
			developmentRegion = English;
			hasScannedForEncodings = 0;
			knownRegions = (
				en,
				Base,
			);
			mainGroup = 40DA78851BAFAA8F00956B72;
			productRefGroup = 40DA788F1BAFAA8F00956B72 /* Products */;
			projectDirPath = "";
			projectRoot = "";
			targets = (
				40DA788D1BAFAA8F00956B72 /* SuperService */,
				40DA78A11BAFAA8F00956B72 /* SuperServiceTests */,
				40DA78AC1BAFAA8F00956B72 /* SuperServiceUITests */,
			);
		};
/* End PBXProject section */

/* Begin PBXResourcesBuildPhase section */
		40DA788C1BAFAA8F00956B72 /* Resources */ = {
			isa = PBXResourcesBuildPhase;
			buildActionMask = 2147483647;
			files = (
				40DA789C1BAFAA8F00956B72 /* LaunchScreen.storyboard in Resources */,
				40DA78991BAFAA8F00956B72 /* Assets.xcassets in Resources */,
				40DA78971BAFAA8F00956B72 /* Main.storyboard in Resources */,
			);
			runOnlyForDeploymentPostprocessing = 0;
		};
		40DA78A01BAFAA8F00956B72 /* Resources */ = {
			isa = PBXResourcesBuildPhase;
			buildActionMask = 2147483647;
			files = (
			);
			runOnlyForDeploymentPostprocessing = 0;
		};
		40DA78AB1BAFAA8F00956B72 /* Resources */ = {
			isa = PBXResourcesBuildPhase;
			buildActionMask = 2147483647;
			files = (
			);
			runOnlyForDeploymentPostprocessing = 0;
		};
/* End PBXResourcesBuildPhase section */

/* Begin PBXSourcesBuildPhase section */
		40DA788A1BAFAA8F00956B72 /* Sources */ = {
			isa = PBXSourcesBuildPhase;
			buildActionMask = 2147483647;
			files = (
				40DA78941BAFAA8F00956B72 /* ViewController.swift in Sources */,
				40DA78921BAFAA8F00956B72 /* AppDelegate.swift in Sources */,
			);
			runOnlyForDeploymentPostprocessing = 0;
		};
		40DA789E1BAFAA8F00956B72 /* Sources */ = {
			isa = PBXSourcesBuildPhase;
			buildActionMask = 2147483647;
			files = (
				40DA78A71BAFAA8F00956B72 /* SuperServiceTests.swift in Sources */,
			);
			runOnlyForDeploymentPostprocessing = 0;
		};
		40DA78A91BAFAA8F00956B72 /* Sources */ = {
			isa = PBXSourcesBuildPhase;
			buildActionMask = 2147483647;
			files = (
				40DA78B21BAFAA8F00956B72 /* SuperServiceUITests.swift in Sources */,
			);
			runOnlyForDeploymentPostprocessing = 0;
		};
/* End PBXSourcesBuildPhase section */

/* Begin PBXTargetDependency section */
		40DA78A41BAFAA8F00956B72 /* PBXTargetDependency */ = {
			isa = PBXTargetDependency;
			target = 40DA788D1BAFAA8F00956B72 /* SuperService */;
			targetProxy = 40DA78A31BAFAA8F00956B72 /* PBXContainerItemProxy */;
		};
		40DA78AF1BAFAA8F00956B72 /* PBXTargetDependency */ = {
			isa = PBXTargetDependency;
			target = 40DA788D1BAFAA8F00956B72 /* SuperService */;
			targetProxy = 40DA78AE1BAFAA8F00956B72 /* PBXContainerItemProxy */;
		};
/* End PBXTargetDependency section */

/* Begin PBXVariantGroup section */
		40DA78951BAFAA8F00956B72 /* Main.storyboard */ = {
			isa = PBXVariantGroup;
			children = (
				40DA78961BAFAA8F00956B72 /* Base */,
			);
			name = Main.storyboard;
			sourceTree = "<group>";
		};
		40DA789A1BAFAA8F00956B72 /* LaunchScreen.storyboard */ = {
			isa = PBXVariantGroup;
			children = (
				40DA789B1BAFAA8F00956B72 /* Base */,
			);
			name = LaunchScreen.storyboard;
			sourceTree = "<group>";
		};
/* End PBXVariantGroup section */

/* Begin XCBuildConfiguration section */
		40DA78B41BAFAA8F00956B72 /* Debug */ = {
			isa = XCBuildConfiguration;
			buildSettings = {
				ALWAYS_SEARCH_USER_PATHS = NO;
				CLANG_CXX_LANGUAGE_STANDARD = "gnu++0x";
				CLANG_CXX_LIBRARY = "libc++";
				CLANG_ENABLE_MODULES = YES;
				CLANG_ENABLE_OBJC_ARC = YES;
				CLANG_WARN_BOOL_CONVERSION = YES;
				CLANG_WARN_CONSTANT_CONVERSION = YES;
				CLANG_WARN_DIRECT_OBJC_ISA_USAGE = YES_ERROR;
				CLANG_WARN_EMPTY_BODY = YES;
				CLANG_WARN_ENUM_CONVERSION = YES;
				CLANG_WARN_INT_CONVERSION = YES;
				CLANG_WARN_OBJC_ROOT_CLASS = YES_ERROR;
				CLANG_WARN_UNREACHABLE_CODE = YES;
				CLANG_WARN__DUPLICATE_METHOD_MATCH = YES;
				"CODE_SIGN_IDENTITY[sdk=iphoneos*]" = "iPhone Developer";
				COPY_PHASE_STRIP = NO;
				DEBUG_INFORMATION_FORMAT = dwarf;
				ENABLE_STRICT_OBJC_MSGSEND = YES;
				ENABLE_TESTABILITY = YES;
				GCC_C_LANGUAGE_STANDARD = gnu99;
				GCC_DYNAMIC_NO_PIC = NO;
				GCC_NO_COMMON_BLOCKS = YES;
				GCC_OPTIMIZATION_LEVEL = 0;
				GCC_PREPROCESSOR_DEFINITIONS = (
					"DEBUG=1",
					"$(inherited)",
				);
				GCC_WARN_64_TO_32_BIT_CONVERSION = YES;
				GCC_WARN_ABOUT_RETURN_TYPE = YES_ERROR;
				GCC_WARN_UNDECLARED_SELECTOR = YES;
				GCC_WARN_UNINITIALIZED_AUTOS = YES_AGGRESSIVE;
				GCC_WARN_UNUSED_FUNCTION = YES;
				GCC_WARN_UNUSED_VARIABLE = YES;
				IPHONEOS_DEPLOYMENT_TARGET = 9.0;
				MTL_ENABLE_DEBUG_INFO = YES;
				ONLY_ACTIVE_ARCH = YES;
				SDKROOT = iphoneos;
				SWIFT_OPTIMIZATION_LEVEL = "-Onone";
			};
			name = Debug;
		};
		40DA78B51BAFAA8F00956B72 /* Release */ = {
			isa = XCBuildConfiguration;
			buildSettings = {
				ALWAYS_SEARCH_USER_PATHS = NO;
				CLANG_CXX_LANGUAGE_STANDARD = "gnu++0x";
				CLANG_CXX_LIBRARY = "libc++";
				CLANG_ENABLE_MODULES = YES;
				CLANG_ENABLE_OBJC_ARC = YES;
				CLANG_WARN_BOOL_CONVERSION = YES;
				CLANG_WARN_CONSTANT_CONVERSION = YES;
				CLANG_WARN_DIRECT_OBJC_ISA_USAGE = YES_ERROR;
				CLANG_WARN_EMPTY_BODY = YES;
				CLANG_WARN_ENUM_CONVERSION = YES;
				CLANG_WARN_INT_CONVERSION = YES;
				CLANG_WARN_OBJC_ROOT_CLASS = YES_ERROR;
				CLANG_WARN_UNREACHABLE_CODE = YES;
				CLANG_WARN__DUPLICATE_METHOD_MATCH = YES;
				"CODE_SIGN_IDENTITY[sdk=iphoneos*]" = "iPhone Developer";
				COPY_PHASE_STRIP = NO;
				DEBUG_INFORMATION_FORMAT = "dwarf-with-dsym";
				ENABLE_NS_ASSERTIONS = NO;
				ENABLE_STRICT_OBJC_MSGSEND = YES;
				GCC_C_LANGUAGE_STANDARD = gnu99;
				GCC_NO_COMMON_BLOCKS = YES;
				GCC_WARN_64_TO_32_BIT_CONVERSION = YES;
				GCC_WARN_ABOUT_RETURN_TYPE = YES_ERROR;
				GCC_WARN_UNDECLARED_SELECTOR = YES;
				GCC_WARN_UNINITIALIZED_AUTOS = YES_AGGRESSIVE;
				GCC_WARN_UNUSED_FUNCTION = YES;
				GCC_WARN_UNUSED_VARIABLE = YES;
				IPHONEOS_DEPLOYMENT_TARGET = 9.0;
				MTL_ENABLE_DEBUG_INFO = NO;
				SDKROOT = iphoneos;
				VALIDATE_PRODUCT = YES;
			};
			name = Release;
		};
		40DA78B71BAFAA8F00956B72 /* Debug */ = {
			isa = XCBuildConfiguration;
			buildSettings = {
				ASSETCATALOG_COMPILER_APPICON_NAME = AppIcon;
				INFOPLIST_FILE = SuperService/Info.plist;
				LD_RUNPATH_SEARCH_PATHS = "$(inherited) @executable_path/Frameworks";
				PRODUCT_BUNDLE_IDENTIFIER = com.zkjinshi.SuperService;
				PRODUCT_NAME = "$(TARGET_NAME)";
			};
			name = Debug;
		};
		40DA78B81BAFAA8F00956B72 /* Release */ = {
			isa = XCBuildConfiguration;
			buildSettings = {
				ASSETCATALOG_COMPILER_APPICON_NAME = AppIcon;
				INFOPLIST_FILE = SuperService/Info.plist;
				LD_RUNPATH_SEARCH_PATHS = "$(inherited) @executable_path/Frameworks";
				PRODUCT_BUNDLE_IDENTIFIER = com.zkjinshi.SuperService;
				PRODUCT_NAME = "$(TARGET_NAME)";
			};
			name = Release;
		};
		40DA78BA1BAFAA8F00956B72 /* Debug */ = {
			isa = XCBuildConfiguration;
			buildSettings = {
				BUNDLE_LOADER = "$(TEST_HOST)";
				INFOPLIST_FILE = SuperServiceTests/Info.plist;
				LD_RUNPATH_SEARCH_PATHS = "$(inherited) @executable_path/Frameworks @loader_path/Frameworks";
				PRODUCT_BUNDLE_IDENTIFIER = com.zkjinshi.SuperServiceTests;
				PRODUCT_NAME = "$(TARGET_NAME)";
				TEST_HOST = "$(BUILT_PRODUCTS_DIR)/SuperService.app/SuperService";
			};
			name = Debug;
		};
		40DA78BB1BAFAA8F00956B72 /* Release */ = {
			isa = XCBuildConfiguration;
			buildSettings = {
				BUNDLE_LOADER = "$(TEST_HOST)";
				INFOPLIST_FILE = SuperServiceTests/Info.plist;
				LD_RUNPATH_SEARCH_PATHS = "$(inherited) @executable_path/Frameworks @loader_path/Frameworks";
				PRODUCT_BUNDLE_IDENTIFIER = com.zkjinshi.SuperServiceTests;
				PRODUCT_NAME = "$(TARGET_NAME)";
				TEST_HOST = "$(BUILT_PRODUCTS_DIR)/SuperService.app/SuperService";
			};
			name = Release;
		};
		40DA78BD1BAFAA8F00956B72 /* Debug */ = {
			isa = XCBuildConfiguration;
			buildSettings = {
				INFOPLIST_FILE = SuperServiceUITests/Info.plist;
				LD_RUNPATH_SEARCH_PATHS = "$(inherited) @executable_path/Frameworks @loader_path/Frameworks";
				PRODUCT_BUNDLE_IDENTIFIER = com.zkjinshi.SuperServiceUITests;
				PRODUCT_NAME = "$(TARGET_NAME)";
				TEST_TARGET_NAME = SuperService;
				USES_XCTRUNNER = YES;
			};
			name = Debug;
		};
		40DA78BE1BAFAA8F00956B72 /* Release */ = {
			isa = XCBuildConfiguration;
			buildSettings = {
				INFOPLIST_FILE = SuperServiceUITests/Info.plist;
				LD_RUNPATH_SEARCH_PATHS = "$(inherited) @executable_path/Frameworks @loader_path/Frameworks";
				PRODUCT_BUNDLE_IDENTIFIER = com.zkjinshi.SuperServiceUITests;
				PRODUCT_NAME = "$(TARGET_NAME)";
				TEST_TARGET_NAME = SuperService;
				USES_XCTRUNNER = YES;
			};
			name = Release;
		};
/* End XCBuildConfiguration section */

/* Begin XCConfigurationList section */
		40DA78891BAFAA8F00956B72 /* Build configuration list for PBXProject "SuperService" */ = {
			isa = XCConfigurationList;
			buildConfigurations = (
				40DA78B41BAFAA8F00956B72 /* Debug */,
				40DA78B51BAFAA8F00956B72 /* Release */,
			);
			defaultConfigurationIsVisible = 0;
			defaultConfigurationName = Release;
		};
		40DA78B61BAFAA8F00956B72 /* Build configuration list for PBXNativeTarget "SuperService" */ = {
			isa = XCConfigurationList;
			buildConfigurations = (
				40DA78B71BAFAA8F00956B72 /* Debug */,
				40DA78B81BAFAA8F00956B72 /* Release */,
			);
			defaultConfigurationIsVisible = 0;
		};
		40DA78B91BAFAA8F00956B72 /* Build configuration list for PBXNativeTarget "SuperServiceTests" */ = {
			isa = XCConfigurationList;
			buildConfigurations = (
				40DA78BA1BAFAA8F00956B72 /* Debug */,
				40DA78BB1BAFAA8F00956B72 /* Release */,
			);
			defaultConfigurationIsVisible = 0;
		};
		40DA78BC1BAFAA8F00956B72 /* Build configuration list for PBXNativeTarget "SuperServiceUITests" */ = {
			isa = XCConfigurationList;
			buildConfigurations = (
				40DA78BD1BAFAA8F00956B72 /* Debug */,
				40DA78BE1BAFAA8F00956B72 /* Release */,
			);
			defaultConfigurationIsVisible = 0;
		};
/* End XCConfigurationList section */
	};
	rootObject = 40DA78861BAFAA8F00956B72 /* Project object */;
}
