// !$*UTF8*$!
{
	archiveVersion = 1;
	classes = {
	};
	objectVersion = 46;
	objects = {

/* Begin PBXBuildFile section */
		3175EAD7235B75267AF1FCAC /* libPods-SuperService.a in Frameworks */ = {isa = PBXBuildFile; fileRef = 0E2363C6938E05EA78FB222F /* libPods-SuperService.a */; };
		404D41451BC7BF4900D0401D /* TeamListVC.swift in Sources */ = {isa = PBXBuildFile; fileRef = 404D41441BC7BF4900D0401D /* TeamListVC.swift */; settings = {ASSET_TAGS = (); }; };
		404D41471BC7BF5600D0401D /* ClientListVC.swift in Sources */ = {isa = PBXBuildFile; fileRef = 404D41461BC7BF5600D0401D /* ClientListVC.swift */; settings = {ASSET_TAGS = (); }; };
		404FB51B1BCE01AE0074D205 /* MainTBC.swift in Sources */ = {isa = PBXBuildFile; fileRef = 404FB51A1BCE01AE0074D205 /* MainTBC.swift */; settings = {ASSET_TAGS = (); }; };
		404FB5211BCE09940074D205 /* ZKJSHTTPSessionManager.m in Sources */ = {isa = PBXBuildFile; fileRef = 404FB5201BCE09940074D205 /* ZKJSHTTPSessionManager.m */; settings = {ASSET_TAGS = (); }; };
		404FB5241BCE2A4B0074D205 /* NSString+ZKJS.m in Sources */ = {isa = PBXBuildFile; fileRef = 404FB5231BCE2A4B0074D205 /* NSString+ZKJS.m */; settings = {ASSET_TAGS = (); }; };
		405245911BBA898F00BBE8E3 /* LTBouncyTextField.swift in Sources */ = {isa = PBXBuildFile; fileRef = 405245901BBA898F00BBE8E3 /* LTBouncyTextField.swift */; settings = {ASSET_TAGS = (); }; };
		405245931BBA8C8000BBE8E3 /* RoundedRectButton.swift in Sources */ = {isa = PBXBuildFile; fileRef = 405245921BBA8C8000BBE8E3 /* RoundedRectButton.swift */; settings = {ASSET_TAGS = (); }; };
		405F4CA91BCF3FCC00BBBF47 /* server.der in Resources */ = {isa = PBXBuildFile; fileRef = 405F4CA81BCF3FCC00BBBF47 /* server.der */; settings = {ASSET_TAGS = (); }; };
		40600CAA1BC64562008F8DEC /* MainPageVC.swift in Sources */ = {isa = PBXBuildFile; fileRef = 40600CA91BC64562008F8DEC /* MainPageVC.swift */; settings = {ASSET_TAGS = (); }; };
		4068A2C41BBB925600FF8608 /* AdminLogin.storyboard in Resources */ = {isa = PBXBuildFile; fileRef = 4068A2C21BBB925600FF8608 /* AdminLogin.storyboard */; settings = {ASSET_TAGS = (); }; };
		4068A2C71BBB929200FF8608 /* AdminRegister.storyboard in Resources */ = {isa = PBXBuildFile; fileRef = 4068A2C51BBB929200FF8608 /* AdminRegister.storyboard */; settings = {ASSET_TAGS = (); }; };
		4068A2C91BBBAF3500FF8608 /* AdminLoginVC.swift in Sources */ = {isa = PBXBuildFile; fileRef = 4068A2C81BBBAF3500FF8608 /* AdminLoginVC.swift */; settings = {ASSET_TAGS = (); }; };
		4068A2CD1BBBB06800FF8608 /* AdminRegisterInfoVC.swift in Sources */ = {isa = PBXBuildFile; fileRef = 4068A2CC1BBBB06800FF8608 /* AdminRegisterInfoVC.swift */; settings = {ASSET_TAGS = (); }; };
		4068A2CF1BBBB0AE00FF8608 /* AdminRegisterSelectEmployeeVC.swift in Sources */ = {isa = PBXBuildFile; fileRef = 4068A2CE1BBBB0AE00FF8608 /* AdminRegisterSelectEmployeeVC.swift */; settings = {ASSET_TAGS = (); }; };
		4068A2D11BBBB10700FF8608 /* AdminRegisterUserGuideVC.swift in Sources */ = {isa = PBXBuildFile; fileRef = 4068A2D01BBBB10700FF8608 /* AdminRegisterUserGuideVC.swift */; settings = {ASSET_TAGS = (); }; };
		4068A2D81BBBB4BF00FF8608 /* SelectEmployeeCell.swift in Sources */ = {isa = PBXBuildFile; fileRef = 4068A2D71BBBB4BF00FF8608 /* SelectEmployeeCell.swift */; settings = {ASSET_TAGS = (); }; };
		4068A2DA1BBBCEE700FF8608 /* RegisterInfoVC.swift in Sources */ = {isa = PBXBuildFile; fileRef = 4068A2D91BBBCEE700FF8608 /* RegisterInfoVC.swift */; settings = {ASSET_TAGS = (); }; };
		4068A2DC1BBBCF3800FF8608 /* RegisterSelectRegionVC.swift in Sources */ = {isa = PBXBuildFile; fileRef = 4068A2DB1BBBCF3800FF8608 /* RegisterSelectRegionVC.swift */; settings = {ASSET_TAGS = (); }; };
		4068A2DF1BBBCF6400FF8608 /* Register.storyboard in Resources */ = {isa = PBXBuildFile; fileRef = 4068A2DD1BBBCF6400FF8608 /* Register.storyboard */; settings = {ASSET_TAGS = (); }; };
		408423041BC689E200C215CD /* ArrivalTVC.swift in Sources */ = {isa = PBXBuildFile; fileRef = 408423021BC689E200C215CD /* ArrivalTVC.swift */; settings = {ASSET_TAGS = (); }; };
		408423051BC689E200C215CD /* ArrivalTVC.xib in Resources */ = {isa = PBXBuildFile; fileRef = 408423031BC689E200C215CD /* ArrivalTVC.xib */; settings = {ASSET_TAGS = (); }; };
		408423081BC68A7800C215CD /* ArrivalCell.swift in Sources */ = {isa = PBXBuildFile; fileRef = 408423061BC68A7800C215CD /* ArrivalCell.swift */; settings = {ASSET_TAGS = (); }; };
		408423091BC68A7800C215CD /* ArrivalCell.xib in Resources */ = {isa = PBXBuildFile; fileRef = 408423071BC68A7800C215CD /* ArrivalCell.xib */; settings = {ASSET_TAGS = (); }; };
		4084230C1BC68E8600C215CD /* MessageCell.swift in Sources */ = {isa = PBXBuildFile; fileRef = 4084230A1BC68E8600C215CD /* MessageCell.swift */; settings = {ASSET_TAGS = (); }; };
		4084230D1BC68E8600C215CD /* MessageCell.xib in Resources */ = {isa = PBXBuildFile; fileRef = 4084230B1BC68E8600C215CD /* MessageCell.xib */; settings = {ASSET_TAGS = (); }; };
		408423101BC68E9900C215CD /* OrderCell.swift in Sources */ = {isa = PBXBuildFile; fileRef = 4084230E1BC68E9800C215CD /* OrderCell.swift */; settings = {ASSET_TAGS = (); }; };
		408423111BC68E9900C215CD /* OrderCell.xib in Resources */ = {isa = PBXBuildFile; fileRef = 4084230F1BC68E9800C215CD /* OrderCell.xib */; settings = {ASSET_TAGS = (); }; };
		408423141BC68EB000C215CD /* MessageTVC.swift in Sources */ = {isa = PBXBuildFile; fileRef = 408423121BC68EB000C215CD /* MessageTVC.swift */; settings = {ASSET_TAGS = (); }; };
		408423151BC68EB000C215CD /* MessageTVC.xib in Resources */ = {isa = PBXBuildFile; fileRef = 408423131BC68EB000C215CD /* MessageTVC.xib */; settings = {ASSET_TAGS = (); }; };
		408423181BC68EC100C215CD /* OrderTVC.swift in Sources */ = {isa = PBXBuildFile; fileRef = 408423161BC68EC100C215CD /* OrderTVC.swift */; settings = {ASSET_TAGS = (); }; };
		408423191BC68EC100C215CD /* OrderTVC.xib in Resources */ = {isa = PBXBuildFile; fileRef = 408423171BC68EC100C215CD /* OrderTVC.xib */; settings = {ASSET_TAGS = (); }; };
		408AD37A1BC5533600A202DD /* Login.storyboard in Resources */ = {isa = PBXBuildFile; fileRef = 408AD3791BC5533600A202DD /* Login.storyboard */; settings = {ASSET_TAGS = (); }; };
		40B0DC271BCE366E00785D2E /* ZKJSTool.m in Sources */ = {isa = PBXBuildFile; fileRef = 40B0DC261BCE366E00785D2E /* ZKJSTool.m */; settings = {ASSET_TAGS = (); }; };
		40B0DC2A1BCE395300785D2E /* AccountManager.swift in Sources */ = {isa = PBXBuildFile; fileRef = 40B0DC291BCE395300785D2E /* AccountManager.swift */; settings = {ASSET_TAGS = (); }; };
		40B0DC2D1BCE54F500785D2E /* ZKJSTCPSessionManager.m in Sources */ = {isa = PBXBuildFile; fileRef = 40B0DC2C1BCE54F500785D2E /* ZKJSTCPSessionManager.m */; settings = {ASSET_TAGS = (); }; };
		40C5E9A71BBA6CE4004F5FDD /* LoginVC.swift in Sources */ = {isa = PBXBuildFile; fileRef = 40C5E9A61BBA6CE4004F5FDD /* LoginVC.swift */; settings = {ASSET_TAGS = (); }; };
		40DA78921BAFAA8F00956B72 /* AppDelegate.swift in Sources */ = {isa = PBXBuildFile; fileRef = 40DA78911BAFAA8F00956B72 /* AppDelegate.swift */; };
		40DA78971BAFAA8F00956B72 /* Main.storyboard in Resources */ = {isa = PBXBuildFile; fileRef = 40DA78951BAFAA8F00956B72 /* Main.storyboard */; };
		40DA78991BAFAA8F00956B72 /* Assets.xcassets in Resources */ = {isa = PBXBuildFile; fileRef = 40DA78981BAFAA8F00956B72 /* Assets.xcassets */; };
		40DA789C1BAFAA8F00956B72 /* LaunchScreen.storyboard in Resources */ = {isa = PBXBuildFile; fileRef = 40DA789A1BAFAA8F00956B72 /* LaunchScreen.storyboard */; };
		40DA78A71BAFAA8F00956B72 /* SuperServiceTests.swift in Sources */ = {isa = PBXBuildFile; fileRef = 40DA78A61BAFAA8F00956B72 /* SuperServiceTests.swift */; };
		40DA78B21BAFAA8F00956B72 /* SuperServiceUITests.swift in Sources */ = {isa = PBXBuildFile; fileRef = 40DA78B11BAFAA8F00956B72 /* SuperServiceUITests.swift */; };
		40F1BA841BC80230006C2B41 /* TeamList.storyboard in Resources */ = {isa = PBXBuildFile; fileRef = 40F1BA821BC80230006C2B41 /* TeamList.storyboard */; settings = {ASSET_TAGS = (); }; };
		40F1BA861BC80245006C2B41 /* ClientList.storyboard in Resources */ = {isa = PBXBuildFile; fileRef = 40F1BA851BC80245006C2B41 /* ClientList.storyboard */; settings = {ASSET_TAGS = (); }; };
		40F1BA891BC80261006C2B41 /* Settings.storyboard in Resources */ = {isa = PBXBuildFile; fileRef = 40F1BA871BC80261006C2B41 /* Settings.storyboard */; settings = {ASSET_TAGS = (); }; };
		40F1BA8B1BC80BBF006C2B41 /* SettingsTVC.swift in Sources */ = {isa = PBXBuildFile; fileRef = 40F1BA8A1BC80BBF006C2B41 /* SettingsTVC.swift */; settings = {ASSET_TAGS = (); }; };
/* End PBXBuildFile section */

/* Begin PBXContainerItemProxy section */
		40DA78A31BAFAA8F00956B72 /* PBXContainerItemProxy */ = {
			isa = PBXContainerItemProxy;
			containerPortal = 40DA78861BAFAA8F00956B72 /* Project object */;
			proxyType = 1;
			remoteGlobalIDString = 40DA788D1BAFAA8F00956B72;
			remoteInfo = SuperService;
		};
		40DA78AE1BAFAA8F00956B72 /* PBXContainerItemProxy */ = {
			isa = PBXContainerItemProxy;
			containerPortal = 40DA78861BAFAA8F00956B72 /* Project object */;
			proxyType = 1;
			remoteGlobalIDString = 40DA788D1BAFAA8F00956B72;
			remoteInfo = SuperService;
		};
/* End PBXContainerItemProxy section */

/* Begin PBXFileReference section */
		0E2363C6938E05EA78FB222F /* libPods-SuperService.a */ = {isa = PBXFileReference; explicitFileType = archive.ar; includeInIndex = 0; path = "libPods-SuperService.a"; sourceTree = BUILT_PRODUCTS_DIR; };
		1BC815522E04791AE335FF27 /* Pods-SuperService.debug.xcconfig */ = {isa = PBXFileReference; includeInIndex = 1; lastKnownFileType = text.xcconfig; name = "Pods-SuperService.debug.xcconfig"; path = "Pods/Target Support Files/Pods-SuperService/Pods-SuperService.debug.xcconfig"; sourceTree = "<group>"; };
		404D41441BC7BF4900D0401D /* TeamListVC.swift */ = {isa = PBXFileReference; fileEncoding = 4; lastKnownFileType = sourcecode.swift; path = TeamListVC.swift; sourceTree = "<group>"; };
		404D41461BC7BF5600D0401D /* ClientListVC.swift */ = {isa = PBXFileReference; fileEncoding = 4; lastKnownFileType = sourcecode.swift; path = ClientListVC.swift; sourceTree = "<group>"; };
		404FB51A1BCE01AE0074D205 /* MainTBC.swift */ = {isa = PBXFileReference; fileEncoding = 4; lastKnownFileType = sourcecode.swift; path = MainTBC.swift; sourceTree = "<group>"; };
		404FB51F1BCE09940074D205 /* ZKJSHTTPSessionManager.h */ = {isa = PBXFileReference; fileEncoding = 4; lastKnownFileType = sourcecode.c.h; path = ZKJSHTTPSessionManager.h; sourceTree = "<group>"; };
		404FB5201BCE09940074D205 /* ZKJSHTTPSessionManager.m */ = {isa = PBXFileReference; fileEncoding = 4; lastKnownFileType = sourcecode.c.objc; path = ZKJSHTTPSessionManager.m; sourceTree = "<group>"; };
		404FB5221BCE2A4B0074D205 /* NSString+ZKJS.h */ = {isa = PBXFileReference; fileEncoding = 4; lastKnownFileType = sourcecode.c.h; path = "NSString+ZKJS.h"; sourceTree = "<group>"; };
		404FB5231BCE2A4B0074D205 /* NSString+ZKJS.m */ = {isa = PBXFileReference; fileEncoding = 4; lastKnownFileType = sourcecode.c.objc; path = "NSString+ZKJS.m"; sourceTree = "<group>"; };
		405245901BBA898F00BBE8E3 /* LTBouncyTextField.swift */ = {isa = PBXFileReference; fileEncoding = 4; lastKnownFileType = sourcecode.swift; path = LTBouncyTextField.swift; sourceTree = "<group>"; };
		405245921BBA8C8000BBE8E3 /* RoundedRectButton.swift */ = {isa = PBXFileReference; fileEncoding = 4; lastKnownFileType = sourcecode.swift; path = RoundedRectButton.swift; sourceTree = "<group>"; };
		40549B271BD0939500923F5F /* zh-Hans */ = {isa = PBXFileReference; lastKnownFileType = text.plist.strings; name = "zh-Hans"; path = "zh-Hans.lproj/Main.storyboard"; sourceTree = "<group>"; };
		40549B281BD0939500923F5F /* zh-Hans */ = {isa = PBXFileReference; lastKnownFileType = text.plist.strings; name = "zh-Hans"; path = "zh-Hans.lproj/TeamList.storyboard"; sourceTree = "<group>"; };
		40549B291BD0939500923F5F /* zh-Hans */ = {isa = PBXFileReference; lastKnownFileType = text.plist.strings; name = "zh-Hans"; path = "zh-Hans.lproj/Settings.storyboard"; sourceTree = "<group>"; };
		40549B2A1BD0939500923F5F /* zh-Hans */ = {isa = PBXFileReference; lastKnownFileType = text.plist.strings; name = "zh-Hans"; path = "zh-Hans.lproj/Register.storyboard"; sourceTree = "<group>"; };
		40549B2B1BD0939500923F5F /* zh-Hans */ = {isa = PBXFileReference; lastKnownFileType = text.plist.strings; name = "zh-Hans"; path = "zh-Hans.lproj/AdminLogin.storyboard"; sourceTree = "<group>"; };
		40549B2C1BD0939500923F5F /* zh-Hans */ = {isa = PBXFileReference; lastKnownFileType = text.plist.strings; name = "zh-Hans"; path = "zh-Hans.lproj/AdminRegister.storyboard"; sourceTree = "<group>"; };
		40549B2D1BD0939500923F5F /* zh-Hans */ = {isa = PBXFileReference; lastKnownFileType = text.plist.strings; name = "zh-Hans"; path = "zh-Hans.lproj/LaunchScreen.storyboard"; sourceTree = "<group>"; };
		405F4CA81BCF3FCC00BBBF47 /* server.der */ = {isa = PBXFileReference; lastKnownFileType = file; path = server.der; sourceTree = "<group>"; };
		40600CA91BC64562008F8DEC /* MainPageVC.swift */ = {isa = PBXFileReference; fileEncoding = 4; lastKnownFileType = sourcecode.swift; path = MainPageVC.swift; sourceTree = "<group>"; };
		4068A2BE1BBB80EA00FF8608 /* SuperService-Bridging-Header.h */ = {isa = PBXFileReference; lastKnownFileType = sourcecode.c.h; path = "SuperService-Bridging-Header.h"; sourceTree = "<group>"; };
		4068A2C31BBB925600FF8608 /* Base */ = {isa = PBXFileReference; lastKnownFileType = file.storyboard; name = Base; path = Base.lproj/AdminLogin.storyboard; sourceTree = "<group>"; };
		4068A2C61BBB929200FF8608 /* Base */ = {isa = PBXFileReference; lastKnownFileType = file.storyboard; name = Base; path = Base.lproj/AdminRegister.storyboard; sourceTree = "<group>"; };
		4068A2C81BBBAF3500FF8608 /* AdminLoginVC.swift */ = {isa = PBXFileReference; fileEncoding = 4; lastKnownFileType = sourcecode.swift; path = AdminLoginVC.swift; sourceTree = "<group>"; };
		4068A2CC1BBBB06800FF8608 /* AdminRegisterInfoVC.swift */ = {isa = PBXFileReference; fileEncoding = 4; lastKnownFileType = sourcecode.swift; path = AdminRegisterInfoVC.swift; sourceTree = "<group>"; };
		4068A2CE1BBBB0AE00FF8608 /* AdminRegisterSelectEmployeeVC.swift */ = {isa = PBXFileReference; fileEncoding = 4; lastKnownFileType = sourcecode.swift; path = AdminRegisterSelectEmployeeVC.swift; sourceTree = "<group>"; };
		4068A2D01BBBB10700FF8608 /* AdminRegisterUserGuideVC.swift */ = {isa = PBXFileReference; fileEncoding = 4; lastKnownFileType = sourcecode.swift; path = AdminRegisterUserGuideVC.swift; sourceTree = "<group>"; };
		4068A2D71BBBB4BF00FF8608 /* SelectEmployeeCell.swift */ = {isa = PBXFileReference; fileEncoding = 4; lastKnownFileType = sourcecode.swift; path = SelectEmployeeCell.swift; sourceTree = "<group>"; };
		4068A2D91BBBCEE700FF8608 /* RegisterInfoVC.swift */ = {isa = PBXFileReference; fileEncoding = 4; lastKnownFileType = sourcecode.swift; path = RegisterInfoVC.swift; sourceTree = "<group>"; };
		4068A2DB1BBBCF3800FF8608 /* RegisterSelectRegionVC.swift */ = {isa = PBXFileReference; fileEncoding = 4; lastKnownFileType = sourcecode.swift; path = RegisterSelectRegionVC.swift; sourceTree = "<group>"; };
		4068A2DE1BBBCF6400FF8608 /* Base */ = {isa = PBXFileReference; lastKnownFileType = file.storyboard; name = Base; path = Base.lproj/Register.storyboard; sourceTree = "<group>"; };
		408423021BC689E200C215CD /* ArrivalTVC.swift */ = {isa = PBXFileReference; fileEncoding = 4; lastKnownFileType = sourcecode.swift; path = ArrivalTVC.swift; sourceTree = "<group>"; };
		408423031BC689E200C215CD /* ArrivalTVC.xib */ = {isa = PBXFileReference; fileEncoding = 4; lastKnownFileType = file.xib; path = ArrivalTVC.xib; sourceTree = "<group>"; };
		408423061BC68A7800C215CD /* ArrivalCell.swift */ = {isa = PBXFileReference; fileEncoding = 4; lastKnownFileType = sourcecode.swift; path = ArrivalCell.swift; sourceTree = "<group>"; };
		408423071BC68A7800C215CD /* ArrivalCell.xib */ = {isa = PBXFileReference; fileEncoding = 4; lastKnownFileType = file.xib; path = ArrivalCell.xib; sourceTree = "<group>"; };
		4084230A1BC68E8600C215CD /* MessageCell.swift */ = {isa = PBXFileReference; fileEncoding = 4; lastKnownFileType = sourcecode.swift; path = MessageCell.swift; sourceTree = "<group>"; };
		4084230B1BC68E8600C215CD /* MessageCell.xib */ = {isa = PBXFileReference; fileEncoding = 4; lastKnownFileType = file.xib; path = MessageCell.xib; sourceTree = "<group>"; };
		4084230E1BC68E9800C215CD /* OrderCell.swift */ = {isa = PBXFileReference; fileEncoding = 4; lastKnownFileType = sourcecode.swift; path = OrderCell.swift; sourceTree = "<group>"; };
		4084230F1BC68E9800C215CD /* OrderCell.xib */ = {isa = PBXFileReference; fileEncoding = 4; lastKnownFileType = file.xib; path = OrderCell.xib; sourceTree = "<group>"; };
		408423121BC68EB000C215CD /* MessageTVC.swift */ = {isa = PBXFileReference; fileEncoding = 4; lastKnownFileType = sourcecode.swift; path = MessageTVC.swift; sourceTree = "<group>"; wrapsLines = 0; };
		408423131BC68EB000C215CD /* MessageTVC.xib */ = {isa = PBXFileReference; fileEncoding = 4; lastKnownFileType = file.xib; path = MessageTVC.xib; sourceTree = "<group>"; };
		408423161BC68EC100C215CD /* OrderTVC.swift */ = {isa = PBXFileReference; fileEncoding = 4; lastKnownFileType = sourcecode.swift; path = OrderTVC.swift; sourceTree = "<group>"; };
		408423171BC68EC100C215CD /* OrderTVC.xib */ = {isa = PBXFileReference; fileEncoding = 4; lastKnownFileType = file.xib; path = OrderTVC.xib; sourceTree = "<group>"; };
		408AD3791BC5533600A202DD /* Login.storyboard */ = {isa = PBXFileReference; fileEncoding = 4; lastKnownFileType = file.storyboard; path = Login.storyboard; sourceTree = "<group>"; };
		40B0DC251BCE366E00785D2E /* ZKJSTool.h */ = {isa = PBXFileReference; fileEncoding = 4; lastKnownFileType = sourcecode.c.h; path = ZKJSTool.h; sourceTree = "<group>"; };
		40B0DC261BCE366E00785D2E /* ZKJSTool.m */ = {isa = PBXFileReference; fileEncoding = 4; lastKnownFileType = sourcecode.c.objc; path = ZKJSTool.m; sourceTree = "<group>"; };
		40B0DC291BCE395300785D2E /* AccountManager.swift */ = {isa = PBXFileReference; fileEncoding = 4; lastKnownFileType = sourcecode.swift; path = AccountManager.swift; sourceTree = "<group>"; };
		40B0DC2B1BCE54F500785D2E /* ZKJSTCPSessionManager.h */ = {isa = PBXFileReference; fileEncoding = 4; lastKnownFileType = sourcecode.c.h; path = ZKJSTCPSessionManager.h; sourceTree = "<group>"; };
		40B0DC2C1BCE54F500785D2E /* ZKJSTCPSessionManager.m */ = {isa = PBXFileReference; fileEncoding = 4; lastKnownFileType = sourcecode.c.objc; path = ZKJSTCPSessionManager.m; sourceTree = "<group>"; };
		40C5E9A61BBA6CE4004F5FDD /* LoginVC.swift */ = {isa = PBXFileReference; fileEncoding = 4; lastKnownFileType = sourcecode.swift; path = LoginVC.swift; sourceTree = "<group>"; };
		40DA788E1BAFAA8F00956B72 /* SuperService.app */ = {isa = PBXFileReference; explicitFileType = wrapper.application; includeInIndex = 0; path = SuperService.app; sourceTree = BUILT_PRODUCTS_DIR; };
		40DA78911BAFAA8F00956B72 /* AppDelegate.swift */ = {isa = PBXFileReference; lastKnownFileType = sourcecode.swift; path = AppDelegate.swift; sourceTree = "<group>"; };
		40DA78961BAFAA8F00956B72 /* Base */ = {isa = PBXFileReference; lastKnownFileType = file.storyboard; name = Base; path = Base.lproj/Main.storyboard; sourceTree = "<group>"; };
		40DA78981BAFAA8F00956B72 /* Assets.xcassets */ = {isa = PBXFileReference; lastKnownFileType = folder.assetcatalog; path = Assets.xcassets; sourceTree = "<group>"; };
		40DA789B1BAFAA8F00956B72 /* Base */ = {isa = PBXFileReference; lastKnownFileType = file.storyboard; name = Base; path = Base.lproj/LaunchScreen.storyboard; sourceTree = "<group>"; };
		40DA789D1BAFAA8F00956B72 /* Info.plist */ = {isa = PBXFileReference; lastKnownFileType = text.plist.xml; path = Info.plist; sourceTree = "<group>"; };
		40DA78A21BAFAA8F00956B72 /* SuperServiceTests.xctest */ = {isa = PBXFileReference; explicitFileType = wrapper.cfbundle; includeInIndex = 0; path = SuperServiceTests.xctest; sourceTree = BUILT_PRODUCTS_DIR; };
		40DA78A61BAFAA8F00956B72 /* SuperServiceTests.swift */ = {isa = PBXFileReference; lastKnownFileType = sourcecode.swift; path = SuperServiceTests.swift; sourceTree = "<group>"; };
		40DA78A81BAFAA8F00956B72 /* Info.plist */ = {isa = PBXFileReference; lastKnownFileType = text.plist.xml; path = Info.plist; sourceTree = "<group>"; };
		40DA78AD1BAFAA8F00956B72 /* SuperServiceUITests.xctest */ = {isa = PBXFileReference; explicitFileType = wrapper.cfbundle; includeInIndex = 0; path = SuperServiceUITests.xctest; sourceTree = BUILT_PRODUCTS_DIR; };
		40DA78B11BAFAA8F00956B72 /* SuperServiceUITests.swift */ = {isa = PBXFileReference; lastKnownFileType = sourcecode.swift; path = SuperServiceUITests.swift; sourceTree = "<group>"; };
		40DA78B31BAFAA8F00956B72 /* Info.plist */ = {isa = PBXFileReference; lastKnownFileType = text.plist.xml; path = Info.plist; sourceTree = "<group>"; };
		40F1BA831BC80230006C2B41 /* Base */ = {isa = PBXFileReference; lastKnownFileType = file.storyboard; name = Base; path = Base.lproj/TeamList.storyboard; sourceTree = "<group>"; };
		40F1BA851BC80245006C2B41 /* ClientList.storyboard */ = {isa = PBXFileReference; fileEncoding = 4; lastKnownFileType = file.storyboard; path = ClientList.storyboard; sourceTree = "<group>"; };
		40F1BA881BC80261006C2B41 /* Base */ = {isa = PBXFileReference; lastKnownFileType = file.storyboard; name = Base; path = Base.lproj/Settings.storyboard; sourceTree = "<group>"; };
		40F1BA8A1BC80BBF006C2B41 /* SettingsTVC.swift */ = {isa = PBXFileReference; fileEncoding = 4; lastKnownFileType = sourcecode.swift; path = SettingsTVC.swift; sourceTree = "<group>"; };
		77F3606C6E8AD0715722BC18 /* Pods-SuperService.release.xcconfig */ = {isa = PBXFileReference; includeInIndex = 1; lastKnownFileType = text.xcconfig; name = "Pods-SuperService.release.xcconfig"; path = "Pods/Target Support Files/Pods-SuperService/Pods-SuperService.release.xcconfig"; sourceTree = "<group>"; };
/* End PBXFileReference section */

/* Begin PBXFrameworksBuildPhase section */
		40DA788B1BAFAA8F00956B72 /* Frameworks */ = {
			isa = PBXFrameworksBuildPhase;
			buildActionMask = 2147483647;
			files = (
				3175EAD7235B75267AF1FCAC /* libPods-SuperService.a in Frameworks */,
			);
			runOnlyForDeploymentPostprocessing = 0;
		};
		40DA789F1BAFAA8F00956B72 /* Frameworks */ = {
			isa = PBXFrameworksBuildPhase;
			buildActionMask = 2147483647;
			files = (
			);
			runOnlyForDeploymentPostprocessing = 0;
		};
		40DA78AA1BAFAA8F00956B72 /* Frameworks */ = {
			isa = PBXFrameworksBuildPhase;
			buildActionMask = 2147483647;
			files = (
			);
			runOnlyForDeploymentPostprocessing = 0;
		};
/* End PBXFrameworksBuildPhase section */

/* Begin PBXGroup section */
		404FB51E1BCE08840074D205 /* Networking */ = {
			isa = PBXGroup;
			children = (
				404FB5221BCE2A4B0074D205 /* NSString+ZKJS.h */,
				404FB5231BCE2A4B0074D205 /* NSString+ZKJS.m */,
				404FB51F1BCE09940074D205 /* ZKJSHTTPSessionManager.h */,
				404FB5201BCE09940074D205 /* ZKJSHTTPSessionManager.m */,
				40B0DC2B1BCE54F500785D2E /* ZKJSTCPSessionManager.h */,
				40B0DC2C1BCE54F500785D2E /* ZKJSTCPSessionManager.m */,
			);
			path = Networking;
			sourceTree = "<group>";
		};
		40600CAB1BC64579008F8DEC /* MainPage */ = {
			isa = PBXGroup;
			children = (
				40600CB21BC64946008F8DEC /* Child */,
				40600CA91BC64562008F8DEC /* MainPageVC.swift */,
			);
			path = MainPage;
			sourceTree = "<group>";
		};
		40600CB21BC64946008F8DEC /* Child */ = {
			isa = PBXGroup;
			children = (
				40600CBE1BC66DF3008F8DEC /* Cell */,
				408423021BC689E200C215CD /* ArrivalTVC.swift */,
				408423031BC689E200C215CD /* ArrivalTVC.xib */,
				408423121BC68EB000C215CD /* MessageTVC.swift */,
				408423131BC68EB000C215CD /* MessageTVC.xib */,
				408423161BC68EC100C215CD /* OrderTVC.swift */,
				408423171BC68EC100C215CD /* OrderTVC.xib */,
			);
			path = Child;
			sourceTree = "<group>";
		};
		40600CBE1BC66DF3008F8DEC /* Cell */ = {
			isa = PBXGroup;
			children = (
				408423061BC68A7800C215CD /* ArrivalCell.swift */,
				408423071BC68A7800C215CD /* ArrivalCell.xib */,
				4084230A1BC68E8600C215CD /* MessageCell.swift */,
				4084230B1BC68E8600C215CD /* MessageCell.xib */,
				4084230E1BC68E9800C215CD /* OrderCell.swift */,
				4084230F1BC68E9800C215CD /* OrderCell.xib */,
			);
			path = Cell;
			sourceTree = "<group>";
		};
		4068A2D21BBBB11100FF8608 /* Admin */ = {
			isa = PBXGroup;
			children = (
				4068A2D51BBBB18E00FF8608 /* Login */,
				4068A2D61BBBB1AA00FF8608 /* Register */,
			);
			path = Admin;
			sourceTree = "<group>";
		};
		4068A2D31BBBB13100FF8608 /* Widget */ = {
			isa = PBXGroup;
			children = (
				405245901BBA898F00BBE8E3 /* LTBouncyTextField.swift */,
				405245921BBA8C8000BBE8E3 /* RoundedRectButton.swift */,
			);
			path = Widget;
			sourceTree = "<group>";
		};
		4068A2D41BBBB14600FF8608 /* Login */ = {
			isa = PBXGroup;
			children = (
				408AD3791BC5533600A202DD /* Login.storyboard */,
				40C5E9A61BBA6CE4004F5FDD /* LoginVC.swift */,
			);
			path = Login;
			sourceTree = "<group>";
		};
		4068A2D51BBBB18E00FF8608 /* Login */ = {
			isa = PBXGroup;
			children = (
				4068A2C21BBB925600FF8608 /* AdminLogin.storyboard */,
				4068A2C81BBBAF3500FF8608 /* AdminLoginVC.swift */,
			);
			path = Login;
			sourceTree = "<group>";
		};
		4068A2D61BBBB1AA00FF8608 /* Register */ = {
			isa = PBXGroup;
			children = (
				4068A2C51BBB929200FF8608 /* AdminRegister.storyboard */,
				4068A2CC1BBBB06800FF8608 /* AdminRegisterInfoVC.swift */,
				4068A2CE1BBBB0AE00FF8608 /* AdminRegisterSelectEmployeeVC.swift */,
				4068A2D01BBBB10700FF8608 /* AdminRegisterUserGuideVC.swift */,
				4068A2D71BBBB4BF00FF8608 /* SelectEmployeeCell.swift */,
			);
			path = Register;
			sourceTree = "<group>";
		};
		4068A2E21BBBD81600FF8608 /* Register */ = {
			isa = PBXGroup;
			children = (
				4068A2DD1BBBCF6400FF8608 /* Register.storyboard */,
				4068A2D91BBBCEE700FF8608 /* RegisterInfoVC.swift */,
				4068A2DB1BBBCF3800FF8608 /* RegisterSelectRegionVC.swift */,
			);
			path = Register;
			sourceTree = "<group>";
		};
		40B0DC281BCE367300785D2E /* Tool */ = {
			isa = PBXGroup;
			children = (
				40B0DC251BCE366E00785D2E /* ZKJSTool.h */,
				40B0DC261BCE366E00785D2E /* ZKJSTool.m */,
			);
			path = Tool;
			sourceTree = "<group>";
		};
		40DA78851BAFAA8F00956B72 = {
			isa = PBXGroup;
			children = (
				AC027541ADA26D63AB53B25F /* Frameworks */,
				E5FC522A96B4F0D1A7B6E52B /* Pods */,
				40DA788F1BAFAA8F00956B72 /* Products */,
				40DA78901BAFAA8F00956B72 /* SuperService */,
				40DA78A51BAFAA8F00956B72 /* SuperServiceTests */,
				40DA78B01BAFAA8F00956B72 /* SuperServiceUITests */,
			);
			sourceTree = "<group>";
		};
		40DA788F1BAFAA8F00956B72 /* Products */ = {
			isa = PBXGroup;
			children = (
				40DA788E1BAFAA8F00956B72 /* SuperService.app */,
				40DA78A21BAFAA8F00956B72 /* SuperServiceTests.xctest */,
				40DA78AD1BAFAA8F00956B72 /* SuperServiceUITests.xctest */,
			);
			name = Products;
			sourceTree = "<group>";
		};
		40DA78901BAFAA8F00956B72 /* SuperService */ = {
			isa = PBXGroup;
			children = (
				4068A2D21BBBB11100FF8608 /* Admin */,
				40F1BA801BC7FBC0006C2B41 /* ClientList */,
				4068A2D41BBBB14600FF8608 /* Login */,
				40600CAB1BC64579008F8DEC /* MainPage */,
				404FB51E1BCE08840074D205 /* Networking */,
				4068A2E21BBBD81600FF8608 /* Register */,
				40F1BA811BC7FBC9006C2B41 /* Settings */,
				40F1BA7F1BC7FBB7006C2B41 /* TeamList */,
				40B0DC281BCE367300785D2E /* Tool */,
				4068A2D31BBBB13100FF8608 /* Widget */,
				40B0DC291BCE395300785D2E /* AccountManager.swift */,
				40DA78911BAFAA8F00956B72 /* AppDelegate.swift */,
				40DA78981BAFAA8F00956B72 /* Assets.xcassets */,
				40DA789D1BAFAA8F00956B72 /* Info.plist */,
				40DA789A1BAFAA8F00956B72 /* LaunchScreen.storyboard */,
				40DA78951BAFAA8F00956B72 /* Main.storyboard */,
				404FB51A1BCE01AE0074D205 /* MainTBC.swift */,
				4068A2BE1BBB80EA00FF8608 /* SuperService-Bridging-Header.h */,
				405F4CA81BCF3FCC00BBBF47 /* server.der */,
			);
			path = SuperService;
			sourceTree = "<group>";
		};
		40DA78A51BAFAA8F00956B72 /* SuperServiceTests */ = {
			isa = PBXGroup;
			children = (
				40DA78A81BAFAA8F00956B72 /* Info.plist */,
				40DA78A61BAFAA8F00956B72 /* SuperServiceTests.swift */,
			);
			path = SuperServiceTests;
			sourceTree = "<group>";
		};
		40DA78B01BAFAA8F00956B72 /* SuperServiceUITests */ = {
			isa = PBXGroup;
			children = (
				40DA78B31BAFAA8F00956B72 /* Info.plist */,
				40DA78B11BAFAA8F00956B72 /* SuperServiceUITests.swift */,
			);
			path = SuperServiceUITests;
			sourceTree = "<group>";
		};
		40F1BA7F1BC7FBB7006C2B41 /* TeamList */ = {
			isa = PBXGroup;
			children = (
				40F1BA821BC80230006C2B41 /* TeamList.storyboard */,
				404D41441BC7BF4900D0401D /* TeamListVC.swift */,
			);
			path = TeamList;
			sourceTree = "<group>";
		};
		40F1BA801BC7FBC0006C2B41 /* ClientList */ = {
			isa = PBXGroup;
			children = (
				40F1BA851BC80245006C2B41 /* ClientList.storyboard */,
				404D41461BC7BF5600D0401D /* ClientListVC.swift */,
			);
			path = ClientList;
			sourceTree = "<group>";
		};
		40F1BA811BC7FBC9006C2B41 /* Settings */ = {
			isa = PBXGroup;
			children = (
				40F1BA871BC80261006C2B41 /* Settings.storyboard */,
				40F1BA8A1BC80BBF006C2B41 /* SettingsTVC.swift */,
			);
			path = Settings;
			sourceTree = "<group>";
		};
		AC027541ADA26D63AB53B25F /* Frameworks */ = {
			isa = PBXGroup;
			children = (
				0E2363C6938E05EA78FB222F /* libPods-SuperService.a */,
			);
			name = Frameworks;
			sourceTree = "<group>";
		};
		E5FC522A96B4F0D1A7B6E52B /* Pods */ = {
			isa = PBXGroup;
			children = (
				1BC815522E04791AE335FF27 /* Pods-SuperService.debug.xcconfig */,
				77F3606C6E8AD0715722BC18 /* Pods-SuperService.release.xcconfig */,
			);
			name = Pods;
			sourceTree = "<group>";
		};
/* End PBXGroup section */

/* Begin PBXNativeTarget section */
		40DA788D1BAFAA8F00956B72 /* SuperService */ = {
			isa = PBXNativeTarget;
			buildConfigurationList = 40DA78B61BAFAA8F00956B72 /* Build configuration list for PBXNativeTarget "SuperService" */;
			buildPhases = (
				8031BBC8AAEF1B9BCD71EA6F /* Check Pods Manifest.lock */,
				40DA788A1BAFAA8F00956B72 /* Sources */,
				40DA788B1BAFAA8F00956B72 /* Frameworks */,
				40DA788C1BAFAA8F00956B72 /* Resources */,
				827F7E1EB5E3D536E476F437 /* Copy Pods Resources */,
			);
			buildRules = (
			);
			dependencies = (
			);
			name = SuperService;
			productName = SuperService;
			productReference = 40DA788E1BAFAA8F00956B72 /* SuperService.app */;
			productType = "com.apple.product-type.application";
		};
		40DA78A11BAFAA8F00956B72 /* SuperServiceTests */ = {
			isa = PBXNativeTarget;
			buildConfigurationList = 40DA78B91BAFAA8F00956B72 /* Build configuration list for PBXNativeTarget "SuperServiceTests" */;
			buildPhases = (
				40DA789E1BAFAA8F00956B72 /* Sources */,
				40DA789F1BAFAA8F00956B72 /* Frameworks */,
				40DA78A01BAFAA8F00956B72 /* Resources */,
			);
			buildRules = (
			);
			dependencies = (
				40DA78A41BAFAA8F00956B72 /* PBXTargetDependency */,
			);
			name = SuperServiceTests;
			productName = SuperServiceTests;
			productReference = 40DA78A21BAFAA8F00956B72 /* SuperServiceTests.xctest */;
			productType = "com.apple.product-type.bundle.unit-test";
		};
		40DA78AC1BAFAA8F00956B72 /* SuperServiceUITests */ = {
			isa = PBXNativeTarget;
			buildConfigurationList = 40DA78BC1BAFAA8F00956B72 /* Build configuration list for PBXNativeTarget "SuperServiceUITests" */;
			buildPhases = (
				40DA78A91BAFAA8F00956B72 /* Sources */,
				40DA78AA1BAFAA8F00956B72 /* Frameworks */,
				40DA78AB1BAFAA8F00956B72 /* Resources */,
			);
			buildRules = (
			);
			dependencies = (
				40DA78AF1BAFAA8F00956B72 /* PBXTargetDependency */,
			);
			name = SuperServiceUITests;
			productName = SuperServiceUITests;
			productReference = 40DA78AD1BAFAA8F00956B72 /* SuperServiceUITests.xctest */;
			productType = "com.apple.product-type.bundle.ui-testing";
		};
/* End PBXNativeTarget section */

/* Begin PBXProject section */
		40DA78861BAFAA8F00956B72 /* Project object */ = {
			isa = PBXProject;
			attributes = {
				LastSwiftUpdateCheck = 0700;
				LastUpgradeCheck = 0700;
				ORGANIZATIONNAME = ZKJS;
				TargetAttributes = {
					40DA788D1BAFAA8F00956B72 = {
						CreatedOnToolsVersion = 7.0;
						DevelopmentTeam = ERF86L9T4U;
						SystemCapabilities = {
							com.apple.Push = {
								enabled = 1;
							};
						};
					};
					40DA78A11BAFAA8F00956B72 = {
						CreatedOnToolsVersion = 7.0;
						TestTargetID = 40DA788D1BAFAA8F00956B72;
					};
					40DA78AC1BAFAA8F00956B72 = {
						CreatedOnToolsVersion = 7.0;
						TestTargetID = 40DA788D1BAFAA8F00956B72;
					};
				};
			};
			buildConfigurationList = 40DA78891BAFAA8F00956B72 /* Build configuration list for PBXProject "SuperService" */;
			compatibilityVersion = "Xcode 3.2";
			developmentRegion = English;
			hasScannedForEncodings = 0;
			knownRegions = (
				en,
				Base,
			);
			mainGroup = 40DA78851BAFAA8F00956B72;
			productRefGroup = 40DA788F1BAFAA8F00956B72 /* Products */;
			projectDirPath = "";
			projectRoot = "";
			targets = (
				40DA788D1BAFAA8F00956B72 /* SuperService */,
				40DA78A11BAFAA8F00956B72 /* SuperServiceTests */,
				40DA78AC1BAFAA8F00956B72 /* SuperServiceUITests */,
			);
		};
/* End PBXProject section */

/* Begin PBXResourcesBuildPhase section */
		40DA788C1BAFAA8F00956B72 /* Resources */ = {
			isa = PBXResourcesBuildPhase;
			buildActionMask = 2147483647;
			files = (
				40DA789C1BAFAA8F00956B72 /* LaunchScreen.storyboard in Resources */,
				408423151BC68EB000C215CD /* MessageTVC.xib in Resources */,
				408423091BC68A7800C215CD /* ArrivalCell.xib in Resources */,
				40DA78991BAFAA8F00956B72 /* Assets.xcassets in Resources */,
				408AD37A1BC5533600A202DD /* Login.storyboard in Resources */,
				4068A2C41BBB925600FF8608 /* AdminLogin.storyboard in Resources */,
				405F4CA91BCF3FCC00BBBF47 /* server.der in Resources */,
				40F1BA861BC80245006C2B41 /* ClientList.storyboard in Resources */,
				4084230D1BC68E8600C215CD /* MessageCell.xib in Resources */,
				40F1BA841BC80230006C2B41 /* TeamList.storyboard in Resources */,
				40DA78971BAFAA8F00956B72 /* Main.storyboard in Resources */,
				408423051BC689E200C215CD /* ArrivalTVC.xib in Resources */,
				40F1BA891BC80261006C2B41 /* Settings.storyboard in Resources */,
				408423191BC68EC100C215CD /* OrderTVC.xib in Resources */,
				4068A2C71BBB929200FF8608 /* AdminRegister.storyboard in Resources */,
				4068A2DF1BBBCF6400FF8608 /* Register.storyboard in Resources */,
				408423111BC68E9900C215CD /* OrderCell.xib in Resources */,
			);
			runOnlyForDeploymentPostprocessing = 0;
		};
		40DA78A01BAFAA8F00956B72 /* Resources */ = {
			isa = PBXResourcesBuildPhase;
			buildActionMask = 2147483647;
			files = (
			);
			runOnlyForDeploymentPostprocessing = 0;
		};
		40DA78AB1BAFAA8F00956B72 /* Resources */ = {
			isa = PBXResourcesBuildPhase;
			buildActionMask = 2147483647;
			files = (
			);
			runOnlyForDeploymentPostprocessing = 0;
		};
/* End PBXResourcesBuildPhase section */

/* Begin PBXShellScriptBuildPhase section */
		8031BBC8AAEF1B9BCD71EA6F /* Check Pods Manifest.lock */ = {
			isa = PBXShellScriptBuildPhase;
			buildActionMask = 2147483647;
			files = (
			);
			inputPaths = (
			);
			name = "Check Pods Manifest.lock";
			outputPaths = (
			);
			runOnlyForDeploymentPostprocessing = 0;
			shellPath = /bin/sh;
			shellScript = "diff \"${PODS_ROOT}/../Podfile.lock\" \"${PODS_ROOT}/Manifest.lock\" > /dev/null\nif [[ $? != 0 ]] ; then\n    cat << EOM\nerror: The sandbox is not in sync with the Podfile.lock. Run 'pod install' or update your CocoaPods installation.\nEOM\n    exit 1\nfi\n";
			showEnvVarsInLog = 0;
		};
		827F7E1EB5E3D536E476F437 /* Copy Pods Resources */ = {
			isa = PBXShellScriptBuildPhase;
			buildActionMask = 2147483647;
			files = (
			);
			inputPaths = (
			);
			name = "Copy Pods Resources";
			outputPaths = (
			);
			runOnlyForDeploymentPostprocessing = 0;
			shellPath = /bin/sh;
			shellScript = "\"${SRCROOT}/Pods/Target Support Files/Pods-SuperService/Pods-SuperService-resources.sh\"\n";
			showEnvVarsInLog = 0;
		};
/* End PBXShellScriptBuildPhase section */

/* Begin PBXSourcesBuildPhase section */
		40DA788A1BAFAA8F00956B72 /* Sources */ = {
			isa = PBXSourcesBuildPhase;
			buildActionMask = 2147483647;
			files = (
				40C5E9A71BBA6CE4004F5FDD /* LoginVC.swift in Sources */,
				4084230C1BC68E8600C215CD /* MessageCell.swift in Sources */,
				405245931BBA8C8000BBE8E3 /* RoundedRectButton.swift in Sources */,
				4068A2DA1BBBCEE700FF8608 /* RegisterInfoVC.swift in Sources */,
				408423101BC68E9900C215CD /* OrderCell.swift in Sources */,
				405245911BBA898F00BBE8E3 /* LTBouncyTextField.swift in Sources */,
				408423181BC68EC100C215CD /* OrderTVC.swift in Sources */,
				404FB5241BCE2A4B0074D205 /* NSString+ZKJS.m in Sources */,
				40B0DC271BCE366E00785D2E /* ZKJSTool.m in Sources */,
				404FB5211BCE09940074D205 /* ZKJSHTTPSessionManager.m in Sources */,
				40B0DC2D1BCE54F500785D2E /* ZKJSTCPSessionManager.m in Sources */,
				4068A2D81BBBB4BF00FF8608 /* SelectEmployeeCell.swift in Sources */,
				40DA78921BAFAA8F00956B72 /* AppDelegate.swift in Sources */,
				4068A2C91BBBAF3500FF8608 /* AdminLoginVC.swift in Sources */,
				4068A2DC1BBBCF3800FF8608 /* RegisterSelectRegionVC.swift in Sources */,
				4068A2D11BBBB10700FF8608 /* AdminRegisterUserGuideVC.swift in Sources */,
				4068A2CD1BBBB06800FF8608 /* AdminRegisterInfoVC.swift in Sources */,
				408423041BC689E200C215CD /* ArrivalTVC.swift in Sources */,
				404FB51B1BCE01AE0074D205 /* MainTBC.swift in Sources */,
				404D41471BC7BF5600D0401D /* ClientListVC.swift in Sources */,
				404D41451BC7BF4900D0401D /* TeamListVC.swift in Sources */,
				40F1BA8B1BC80BBF006C2B41 /* SettingsTVC.swift in Sources */,
				40B0DC2A1BCE395300785D2E /* AccountManager.swift in Sources */,
				4068A2CF1BBBB0AE00FF8608 /* AdminRegisterSelectEmployeeVC.swift in Sources */,
				408423141BC68EB000C215CD /* MessageTVC.swift in Sources */,
				40600CAA1BC64562008F8DEC /* MainPageVC.swift in Sources */,
				408423081BC68A7800C215CD /* ArrivalCell.swift in Sources */,
			);
			runOnlyForDeploymentPostprocessing = 0;
		};
		40DA789E1BAFAA8F00956B72 /* Sources */ = {
			isa = PBXSourcesBuildPhase;
			buildActionMask = 2147483647;
			files = (
				40DA78A71BAFAA8F00956B72 /* SuperServiceTests.swift in Sources */,
			);
			runOnlyForDeploymentPostprocessing = 0;
		};
		40DA78A91BAFAA8F00956B72 /* Sources */ = {
			isa = PBXSourcesBuildPhase;
			buildActionMask = 2147483647;
			files = (
				40DA78B21BAFAA8F00956B72 /* SuperServiceUITests.swift in Sources */,
			);
			runOnlyForDeploymentPostprocessing = 0;
		};
/* End PBXSourcesBuildPhase section */

/* Begin PBXTargetDependency section */
		40DA78A41BAFAA8F00956B72 /* PBXTargetDependency */ = {
			isa = PBXTargetDependency;
			target = 40DA788D1BAFAA8F00956B72 /* SuperService */;
			targetProxy = 40DA78A31BAFAA8F00956B72 /* PBXContainerItemProxy */;
		};
		40DA78AF1BAFAA8F00956B72 /* PBXTargetDependency */ = {
			isa = PBXTargetDependency;
			target = 40DA788D1BAFAA8F00956B72 /* SuperService */;
			targetProxy = 40DA78AE1BAFAA8F00956B72 /* PBXContainerItemProxy */;
		};
/* End PBXTargetDependency section */

/* Begin PBXVariantGroup section */
		4068A2C21BBB925600FF8608 /* AdminLogin.storyboard */ = {
			isa = PBXVariantGroup;
			children = (
				4068A2C31BBB925600FF8608 /* Base */,
				40549B2B1BD0939500923F5F /* zh-Hans */,
			);
			name = AdminLogin.storyboard;
			path = .;
			sourceTree = "<group>";
		};
		4068A2C51BBB929200FF8608 /* AdminRegister.storyboard */ = {
			isa = PBXVariantGroup;
			children = (
				4068A2C61BBB929200FF8608 /* Base */,
				40549B2C1BD0939500923F5F /* zh-Hans */,
			);
			name = AdminRegister.storyboard;
			path = .;
			sourceTree = "<group>";
		};
		4068A2DD1BBBCF6400FF8608 /* Register.storyboard */ = {
			isa = PBXVariantGroup;
			children = (
				4068A2DE1BBBCF6400FF8608 /* Base */,
				40549B2A1BD0939500923F5F /* zh-Hans */,
			);
			name = Register.storyboard;
			path = .;
			sourceTree = "<group>";
		};
		40DA78951BAFAA8F00956B72 /* Main.storyboard */ = {
			isa = PBXVariantGroup;
			children = (
				40DA78961BAFAA8F00956B72 /* Base */,
				40549B271BD0939500923F5F /* zh-Hans */,
			);
			name = Main.storyboard;
			path = .;
			sourceTree = "<group>";
		};
		40DA789A1BAFAA8F00956B72 /* LaunchScreen.storyboard */ = {
			isa = PBXVariantGroup;
			children = (
				40DA789B1BAFAA8F00956B72 /* Base */,
				40549B2D1BD0939500923F5F /* zh-Hans */,
			);
			name = LaunchScreen.storyboard;
			path = .;
			sourceTree = "<group>";
		};
		40F1BA821BC80230006C2B41 /* TeamList.storyboard */ = {
			isa = PBXVariantGroup;
			children = (
				40F1BA831BC80230006C2B41 /* Base */,
				40549B281BD0939500923F5F /* zh-Hans */,
			);
			name = TeamList.storyboard;
			path = .;
			sourceTree = "<group>";
		};
		40F1BA871BC80261006C2B41 /* Settings.storyboard */ = {
			isa = PBXVariantGroup;
			children = (
				40F1BA881BC80261006C2B41 /* Base */,
				40549B291BD0939500923F5F /* zh-Hans */,
			);
			name = Settings.storyboard;
			path = .;
			sourceTree = "<group>";
		};
/* End PBXVariantGroup section */

/* Begin XCBuildConfiguration section */
		40DA78B41BAFAA8F00956B72 /* Debug */ = {
			isa = XCBuildConfiguration;
			buildSettings = {
				ALWAYS_SEARCH_USER_PATHS = NO;
				CLANG_CXX_LANGUAGE_STANDARD = "gnu++0x";
				CLANG_CXX_LIBRARY = "libc++";
				CLANG_ENABLE_MODULES = YES;
				CLANG_ENABLE_OBJC_ARC = YES;
				CLANG_WARN_BOOL_CONVERSION = YES;
				CLANG_WARN_CONSTANT_CONVERSION = YES;
				CLANG_WARN_DIRECT_OBJC_ISA_USAGE = YES_ERROR;
				CLANG_WARN_EMPTY_BODY = YES;
				CLANG_WARN_ENUM_CONVERSION = YES;
				CLANG_WARN_INT_CONVERSION = YES;
				CLANG_WARN_OBJC_ROOT_CLASS = YES_ERROR;
				CLANG_WARN_UNREACHABLE_CODE = YES;
				CLANG_WARN__DUPLICATE_METHOD_MATCH = YES;
				"CODE_SIGN_IDENTITY[sdk=iphoneos*]" = "iPhone Developer";
				COPY_PHASE_STRIP = NO;
				DEBUG_INFORMATION_FORMAT = dwarf;
				ENABLE_STRICT_OBJC_MSGSEND = YES;
				ENABLE_TESTABILITY = YES;
				GCC_C_LANGUAGE_STANDARD = gnu99;
				GCC_DYNAMIC_NO_PIC = NO;
				GCC_NO_COMMON_BLOCKS = YES;
				GCC_OPTIMIZATION_LEVEL = 0;
				GCC_PREPROCESSOR_DEFINITIONS = (
					"DEBUG=1",
					"$(inherited)",
				);
				GCC_WARN_64_TO_32_BIT_CONVERSION = YES;
				GCC_WARN_ABOUT_RETURN_TYPE = YES_ERROR;
				GCC_WARN_UNDECLARED_SELECTOR = YES;
				GCC_WARN_UNINITIALIZED_AUTOS = YES_AGGRESSIVE;
				GCC_WARN_UNUSED_FUNCTION = YES;
				GCC_WARN_UNUSED_VARIABLE = YES;
				IPHONEOS_DEPLOYMENT_TARGET = 9.0;
				MTL_ENABLE_DEBUG_INFO = YES;
				ONLY_ACTIVE_ARCH = YES;
				SDKROOT = iphoneos;
				SWIFT_OPTIMIZATION_LEVEL = "-Onone";
			};
			name = Debug;
		};
		40DA78B51BAFAA8F00956B72 /* Release */ = {
			isa = XCBuildConfiguration;
			buildSettings = {
				ALWAYS_SEARCH_USER_PATHS = NO;
				CLANG_CXX_LANGUAGE_STANDARD = "gnu++0x";
				CLANG_CXX_LIBRARY = "libc++";
				CLANG_ENABLE_MODULES = YES;
				CLANG_ENABLE_OBJC_ARC = YES;
				CLANG_WARN_BOOL_CONVERSION = YES;
				CLANG_WARN_CONSTANT_CONVERSION = YES;
				CLANG_WARN_DIRECT_OBJC_ISA_USAGE = YES_ERROR;
				CLANG_WARN_EMPTY_BODY = YES;
				CLANG_WARN_ENUM_CONVERSION = YES;
				CLANG_WARN_INT_CONVERSION = YES;
				CLANG_WARN_OBJC_ROOT_CLASS = YES_ERROR;
				CLANG_WARN_UNREACHABLE_CODE = YES;
				CLANG_WARN__DUPLICATE_METHOD_MATCH = YES;
				"CODE_SIGN_IDENTITY[sdk=iphoneos*]" = "iPhone Developer";
				COPY_PHASE_STRIP = NO;
				DEBUG_INFORMATION_FORMAT = "dwarf-with-dsym";
				ENABLE_NS_ASSERTIONS = NO;
				ENABLE_STRICT_OBJC_MSGSEND = YES;
				GCC_C_LANGUAGE_STANDARD = gnu99;
				GCC_NO_COMMON_BLOCKS = YES;
				GCC_WARN_64_TO_32_BIT_CONVERSION = YES;
				GCC_WARN_ABOUT_RETURN_TYPE = YES_ERROR;
				GCC_WARN_UNDECLARED_SELECTOR = YES;
				GCC_WARN_UNINITIALIZED_AUTOS = YES_AGGRESSIVE;
				GCC_WARN_UNUSED_FUNCTION = YES;
				GCC_WARN_UNUSED_VARIABLE = YES;
				IPHONEOS_DEPLOYMENT_TARGET = 9.0;
				MTL_ENABLE_DEBUG_INFO = NO;
				SDKROOT = iphoneos;
				VALIDATE_PRODUCT = YES;
			};
			name = Release;
		};
		40DA78B71BAFAA8F00956B72 /* Debug */ = {
			isa = XCBuildConfiguration;
			baseConfigurationReference = 1BC815522E04791AE335FF27 /* Pods-SuperService.debug.xcconfig */;
			buildSettings = {
				ASSETCATALOG_COMPILER_APPICON_NAME = AppIcon;
				CLANG_ENABLE_MODULES = YES;
				CODE_SIGN_IDENTITY = "iPhone Developer";
				"CODE_SIGN_IDENTITY[sdk=iphoneos*]" = "iPhone Developer";
				INFOPLIST_FILE = SuperService/Info.plist;
				IPHONEOS_DEPLOYMENT_TARGET = 9.0;
				LD_RUNPATH_SEARCH_PATHS = "$(inherited) @executable_path/Frameworks";
				PRODUCT_BUNDLE_IDENTIFIER = com.zkjinshi.SuperService;
				PRODUCT_NAME = "$(TARGET_NAME)";
				PROVISIONING_PROFILE = "";
				SWIFT_OBJC_BRIDGING_HEADER = "SuperService/SuperService-Bridging-Header.h";
				SWIFT_OPTIMIZATION_LEVEL = "-Onone";
			};
			name = Debug;
		};
		40DA78B81BAFAA8F00956B72 /* Release */ = {
			isa = XCBuildConfiguration;
			baseConfigurationReference = 77F3606C6E8AD0715722BC18 /* Pods-SuperService.release.xcconfig */;
			buildSettings = {
				ASSETCATALOG_COMPILER_APPICON_NAME = AppIcon;
				CLANG_ENABLE_MODULES = YES;
				CODE_SIGN_IDENTITY = "iPhone Developer";
				"CODE_SIGN_IDENTITY[sdk=iphoneos*]" = "iPhone Developer";
				INFOPLIST_FILE = SuperService/Info.plist;
				IPHONEOS_DEPLOYMENT_TARGET = 9.0;
				LD_RUNPATH_SEARCH_PATHS = "$(inherited) @executable_path/Frameworks";
				PRODUCT_BUNDLE_IDENTIFIER = com.zkjinshi.SuperService;
				PRODUCT_NAME = "$(TARGET_NAME)";
				PROVISIONING_PROFILE = "";
				SWIFT_OBJC_BRIDGING_HEADER = "SuperService/SuperService-Bridging-Header.h";
			};
			name = Release;
		};
		40DA78BA1BAFAA8F00956B72 /* Debug */ = {
			isa = XCBuildConfiguration;
			buildSettings = {
				BUNDLE_LOADER = "$(TEST_HOST)";
				INFOPLIST_FILE = SuperServiceTests/Info.plist;
				LD_RUNPATH_SEARCH_PATHS = "$(inherited) @executable_path/Frameworks @loader_path/Frameworks";
				PRODUCT_BUNDLE_IDENTIFIER = com.zkjinshi.SuperServiceTests;
				PRODUCT_NAME = "$(TARGET_NAME)";
				TEST_HOST = "$(BUILT_PRODUCTS_DIR)/SuperService.app/SuperService";
			};
			name = Debug;
		};
		40DA78BB1BAFAA8F00956B72 /* Release */ = {
			isa = XCBuildConfiguration;
			buildSettings = {
				BUNDLE_LOADER = "$(TEST_HOST)";
				INFOPLIST_FILE = SuperServiceTests/Info.plist;
				LD_RUNPATH_SEARCH_PATHS = "$(inherited) @executable_path/Frameworks @loader_path/Frameworks";
				PRODUCT_BUNDLE_IDENTIFIER = com.zkjinshi.SuperServiceTests;
				PRODUCT_NAME = "$(TARGET_NAME)";
				TEST_HOST = "$(BUILT_PRODUCTS_DIR)/SuperService.app/SuperService";
			};
			name = Release;
		};
		40DA78BD1BAFAA8F00956B72 /* Debug */ = {
			isa = XCBuildConfiguration;
			buildSettings = {
				INFOPLIST_FILE = SuperServiceUITests/Info.plist;
				LD_RUNPATH_SEARCH_PATHS = "$(inherited) @executable_path/Frameworks @loader_path/Frameworks";
				PRODUCT_BUNDLE_IDENTIFIER = com.zkjinshi.SuperServiceUITests;
				PRODUCT_NAME = "$(TARGET_NAME)";
				TEST_TARGET_NAME = SuperService;
				USES_XCTRUNNER = YES;
			};
			name = Debug;
		};
		40DA78BE1BAFAA8F00956B72 /* Release */ = {
			isa = XCBuildConfiguration;
			buildSettings = {
				INFOPLIST_FILE = SuperServiceUITests/Info.plist;
				LD_RUNPATH_SEARCH_PATHS = "$(inherited) @executable_path/Frameworks @loader_path/Frameworks";
				PRODUCT_BUNDLE_IDENTIFIER = com.zkjinshi.SuperServiceUITests;
				PRODUCT_NAME = "$(TARGET_NAME)";
				TEST_TARGET_NAME = SuperService;
				USES_XCTRUNNER = YES;
			};
			name = Release;
		};
/* End XCBuildConfiguration section */

/* Begin XCConfigurationList section */
		40DA78891BAFAA8F00956B72 /* Build configuration list for PBXProject "SuperService" */ = {
			isa = XCConfigurationList;
			buildConfigurations = (
				40DA78B41BAFAA8F00956B72 /* Debug */,
				40DA78B51BAFAA8F00956B72 /* Release */,
			);
			defaultConfigurationIsVisible = 0;
			defaultConfigurationName = Release;
		};
		40DA78B61BAFAA8F00956B72 /* Build configuration list for PBXNativeTarget "SuperService" */ = {
			isa = XCConfigurationList;
			buildConfigurations = (
				40DA78B71BAFAA8F00956B72 /* Debug */,
				40DA78B81BAFAA8F00956B72 /* Release */,
			);
			defaultConfigurationIsVisible = 0;
			defaultConfigurationName = Release;
		};
		40DA78B91BAFAA8F00956B72 /* Build configuration list for PBXNativeTarget "SuperServiceTests" */ = {
			isa = XCConfigurationList;
			buildConfigurations = (
				40DA78BA1BAFAA8F00956B72 /* Debug */,
				40DA78BB1BAFAA8F00956B72 /* Release */,
			);
			defaultConfigurationIsVisible = 0;
			defaultConfigurationName = Release;
		};
		40DA78BC1BAFAA8F00956B72 /* Build configuration list for PBXNativeTarget "SuperServiceUITests" */ = {
			isa = XCConfigurationList;
			buildConfigurations = (
				40DA78BD1BAFAA8F00956B72 /* Debug */,
				40DA78BE1BAFAA8F00956B72 /* Release */,
			);
			defaultConfigurationIsVisible = 0;
			defaultConfigurationName = Release;
		};
/* End XCConfigurationList section */
	};
	rootObject = 40DA78861BAFAA8F00956B72 /* Project object */;
}
