PODS:
  - AFNetworking (3.1.0):
    - AFNetworking/NSURLSession (= 3.1.0)
    - AFNetworking/Reachability (= 3.1.0)
    - AFNetworking/Security (= 3.1.0)
    - AFNetworking/Serialization (= 3.1.0)
    - AFNetworking/UIKit (= 3.1.0)
  - AFNetworking/NSURLSession (3.1.0):
    - AFNetworking/Reachability
    - AFNetworking/Security
    - AFNetworking/Serialization
  - AFNetworking/Reachability (3.1.0)
  - AFNetworking/Security (3.1.0)
  - AFNetworking/Serialization (3.1.0)
  - AFNetworking/UIKit (3.1.0):
    - AFNetworking/NSURLSession
  - ASIHTTPRequest:
    - Reachability (~> 3.2)
  - ChameleonFramework (2.1.0):
    - ChameleonFramework/Default (= 2.1.0)
  - ChameleonFramework/Default (2.1.0)
  - DateTools (1.7.0)
  - EaseMobSDKFull (2.2.5)
  - HexColors (4.0.0)
  - HTCopyableLabel (0.0.7)
  - JazzHands (2.0.8)
  - JCTagListView (0.0.9)
  - JTSImageViewController (1.5.1)
  - LTNavigationBar (2.1.2)
  - Masonry (1.0.0)
  - MBProgressHUD (0.9.2)
  - MJRefresh (3.1.0)
  - Reachability (3.2)
  - SocketRocket (0.5.1)
  - SWTableViewCell (0.3.7)
  - WPMediaPicker (0.9.1)

DEPENDENCIES:
  - AFNetworking
  - ASIHTTPRequest (from `https://github.com/hanton/asi-http-request`)
  - ChameleonFramework
  - DateTools
  - EaseMobSDKFull (from `https://github.com/easemob/sdk-ios-cocoapods-integration.git`)
  - HexColors
  - HTCopyableLabel
  - JazzHands
  - JCTagListView
  - JTSImageViewController
  - LTNavigationBar
  - Masonry
  - MBProgressHUD
  - MJRefresh
  - SocketRocket
  - SWTableViewCell
  - WPMediaPicker

EXTERNAL SOURCES:
  ASIHTTPRequest:
    :git: https://github.com/hanton/asi-http-request
  EaseMobSDKFull:
    :git: https://github.com/easemob/sdk-ios-cocoapods-integration.git

CHECKOUT OPTIONS:
  ASIHTTPRequest:
    :commit: ab2ddd63a6f33d55cfb8ece1a5d026b52445dfab
    :git: https://github.com/hanton/asi-http-request
  EaseMobSDKFull:
    :commit: 68c65a667f990e3c24fca4b6ebeaae67fffa5eed
    :git: https://github.com/easemob/sdk-ios-cocoapods-integration.git

SPEC CHECKSUMS:
  AFNetworking: 5e0e199f73d8626b11e79750991f5d173d1f8b67
  ASIHTTPRequest: b2fb6b7703472faf6571f128ef5d4ed0bd21a563
  ChameleonFramework: d21a3cc247abfe5e37609a283a8238b03575cf64
  DateTools: 53288ee8b905fdc75897a1e6b5cc0144b14cba60
  EaseMobSDKFull: 911edb8c67bf75685228037595d84484e92f66a9
  HexColors: 5f95843ef89aff6a72e1fd3a8ebabf205cc43379
  HTCopyableLabel: e67c190d2f1f8f03c9d9858a7d8ce33be7fb43fa
  JazzHands: 355dc5c2b6fc38ee460d0ed7836c69539263f477
  JCTagListView: b22dee25da69bd71e848a030bf061107a845481a
  JTSImageViewController: 1f8ce1cc93dab0d0af8e53badeea7528560cfec9
  LTNavigationBar: bfc5fc06a83463009b9d99675f2a32dcbb631b00
  Masonry: b529bb169217897b6354d4b56b1fada6d475b13d
  MBProgressHUD: 1569cf7ace17a8bac47aabfbb8580a49690386d1
  MJRefresh: 743e6404967d1c2c688472ea3ecfde247d872db4
  Reachability: 33e18b67625424e47b6cde6d202dce689ad7af96
  SocketRocket: d57c7159b83c3c6655745cd15302aa24b6bae531
  SWTableViewCell: 2a94aadc9d47b2b611fa064566bf57948b95b579
  WPMediaPicker: 7dde7576a67a9a494733555a89c9ff8418f5eede

COCOAPODS: 0.38.2
