PODS:
  - AFNetworking (2.6.3):
    - AFNetworking/NSURLConnection (= 2.6.3)
    - AFNetworking/NSURLSession (= 2.6.3)
    - AFNetworking/Reachability (= 2.6.3)
    - AFNetworking/Security (= 2.6.3)
    - AFNetworking/Serialization (= 2.6.3)
    - AFNetworking/UIKit (= 2.6.3)
  - AFNetworking/NSURLConnection (2.6.3):
    - AFNetworking/Reachability
    - AFNetworking/Security
    - AFNetworking/Serialization
  - AFNetworking/NSURLSession (2.6.3):
    - AFNetworking/Reachability
    - AFNetworking/Security
    - AFNetworking/Serialization
  - AFNetworking/Reachability (2.6.3)
  - AFNetworking/Security (2.6.3)
  - AFNetworking/Serialization (2.6.3)
  - AFNetworking/UIKit (2.6.3):
    - AFNetworking/NSURLConnection
    - AFNetworking/NSURLSession
  - ChameleonFramework (2.0.6):
    - ChameleonFramework/Default (= 2.0.6)
  - ChameleonFramework/Default (2.0.6)
  - DateTools (1.7.0)
  - EaseMobSDKFull (2.2.1)
  - HTCopyableLabel (0.0.7)
  - JCTagListView (0.0.4)
  - JTSImageViewController (1.5.1)
  - LTNavigationBar (2.1.1)
  - MBProgressHUD (0.9.1)
  - MJRefresh (3.0.7)
  - SocketRocket (0.4.2)
  - StitchingImage (1.0)
  - SWTableViewCell (0.3.7)
  - WPMediaPicker (0.7.3)
  - XLPagerTabStrip (2.0.0)

DEPENDENCIES:
  - AFNetworking
  - ChameleonFramework
  - DateTools
  - EaseMobSDKFull (from `https://github.com/easemob/sdk-ios-cocoapods-integration.git`)
  - HTCopyableLabel
  - JCTagListView
  - JTSImageViewController
  - LTNavigationBar
  - MBProgressHUD
  - MJRefresh
  - SocketRocket
  - StitchingImage (from `https://github.com/zhengjinghua/StitchingImage.git`)
  - SWTableViewCell
  - WPMediaPicker
  - XLPagerTabStrip

EXTERNAL SOURCES:
  EaseMobSDKFull:
    :git: https://github.com/easemob/sdk-ios-cocoapods-integration.git
  StitchingImage:
    :git: https://github.com/zhengjinghua/StitchingImage.git

CHECKOUT OPTIONS:
  EaseMobSDKFull:
    :commit: c4a63a69518d396309e8d6c267f2756cac3877ee
    :git: https://github.com/easemob/sdk-ios-cocoapods-integration.git
  StitchingImage:
    :commit: 2024af71859abcaef0d74104a3af2f63dd98dc5d
    :git: https://github.com/zhengjinghua/StitchingImage.git

SPEC CHECKSUMS:
  AFNetworking: cb8d14a848e831097108418f5d49217339d4eb60
  ChameleonFramework: a6b466873ff9a4ce3a5196c20bccf1a97ad9f446
  DateTools: 53288ee8b905fdc75897a1e6b5cc0144b14cba60
  EaseMobSDKFull: 4a18d6ad47b4ccca564833963511bddd151e1654
  HTCopyableLabel: e67c190d2f1f8f03c9d9858a7d8ce33be7fb43fa
  JCTagListView: e267bb1e2f44555093d4d5ff5b95939c12ebd5ad
  JTSImageViewController: 1f8ce1cc93dab0d0af8e53badeea7528560cfec9
  LTNavigationBar: b1c15fdcc32453d84f8b9fc774fff611c184dfbb
  MBProgressHUD: c47f2c166c126cf2ce36498d80f33e754d4e93ad
  MJRefresh: f3e1228ec3d38c7ba5208d58032631a52f39f495
  SocketRocket: ffe08119b00ef982f6c37052a4705a057c8494ad
  StitchingImage: 2f4a2a30791c97c3cfd38eee0f7bd55eabf3a681
  SWTableViewCell: 2a94aadc9d47b2b611fa064566bf57948b95b579
  WPMediaPicker: 6bbce465f5a5c071267ae28bdf31d0fd6e109721
  XLPagerTabStrip: 2c69b8e3208432a94e713c198ce597faad5a87bb

COCOAPODS: 0.38.2
